
Microsoft Visual Studio Solution File, Format Version 12.00
# Visual Studio 14
VisualStudioVersion = 14.0.25420.1
MinimumVisualStudioVersion = 10.0.40219.1
Project("{FAE04EC0-301F-11D3-BF4B-00C04F79EFBC}") = "SportsStore.Domain", "SportsStore.Domain\SportsStore.Domain.csproj", "{4A3F3028-2478-4D1E-A85E-1E3F67A75370}"
EndProject
Project("{FAE04EC0-301F-11D3-BF4B-00C04F79EFBC}") = "SportsStore.WebUI", "SportsStore.WebUI\SportsStore.WebUI.csproj", "{6BB22E0F-50E0-4132-AAB6-859D15EB2697}"
EndProject
Project("{FAE04EC0-301F-11D3-BF4B-00C04F79EFBC}") = "SportsStore.UnitTests", "SportsStore.UnitTests\SportsStore.UnitTests.csproj", "{1E227725-0012-4B1D-9AAA-3994D4AA54CF}"
EndProject
Global
	GlobalSection(SolutionConfigurationPlatforms) = preSolution
		Debug|Any CPU = Debug|Any CPU
		Release|Any CPU = Release|Any CPU
	EndGlobalSection
	GlobalSection(ProjectConfigurationPlatforms) = postSolution
		{4A3F3028-2478-4D1E-A85E-1E3F67A75370}.Debug|Any CPU.ActiveCfg = Debug|Any CPU
		{4A3F3028-2478-4D1E-A85E-1E3F67A75370}.Debug|Any CPU.Build.0 = Debug|Any CPU
		{4A3F3028-2478-4D1E-A85E-1E3F67A75370}.Release|Any CPU.ActiveCfg = Release|Any CPU
		{4A3F3028-2478-4D1E-A85E-1E3F67A75370}.Release|Any CPU.Build.0 = Release|Any CPU
		{6BB22E0F-50E0-4132-AAB6-859D15EB2697}.Debug|Any CPU.ActiveCfg = Debug|Any CPU
		{6BB22E0F-50E0-4132-AAB6-859D15EB2697}.Debug|Any CPU.Build.0 = Debug|Any CPU
		{6BB22E0F-50E0-4132-AAB6-859D15EB2697}.Release|Any CPU.ActiveCfg = Release|Any CPU
		{6BB22E0F-50E0-4132-AAB6-859D15EB2697}.Release|Any CPU.Build.0 = Release|Any CPU
		{1E227725-0012-4B1D-9AAA-3994D4AA54CF}.Debug|Any CPU.ActiveCfg = Debug|Any CPU
		{1E227725-0012-4B1D-9AAA-3994D4AA54CF}.Debug|Any CPU.Build.0 = Debug|Any CPU
		{1E227725-0012-4B1D-9AAA-3994D4AA54CF}.Release|Any CPU.ActiveCfg = Release|Any CPU
		{1E227725-0012-4B1D-9AAA-3994D4AA54CF}.Release|Any CPU.Build.0 = Release|Any CPU
	EndGlobalSection
	GlobalSection(SolutionProperties) = preSolution
		HideSolutionNode = FALSE
	EndGlobalSection
EndGlobal
